{
  "name": "MyWebsite",
  "lockfileVersion": 3,
  "requires": true,
  "packages": {
    "": {
      "dependencies": {
        "photoswipe": "^5.3.6"
      }
    },
    "node_modules/photoswipe": {
      "version": "5.3.6",
      "resolved": "https://registry.npmjs.org/photoswipe/-/photoswipe-5.3.6.tgz",
      "integrity": "sha512-v7e8iMfaPUujTACYsK5HBCCtFoW9n2dMZmjIlbvFS2oSpTQmPrfc3PrWnGx8OGY3jNOKho8JC8L277+m+9ag9Q==",
      "engines": {
        "node": ">= 0.12.0"
      }
    }
  }
}
